PODS:
  - FMDB (2.7.5):
    - FMDB/standard (= 2.7.5)
  - FMDB/standard (2.7.5)
  - SwiftLint (0.38.0)

DEPENDENCIES:
  - FMDB
  - SwiftLint

SPEC REPOS:
  https://github.com/cocoapods/specs.git:
    - FMDB
    - SwiftLint

SPEC CHECKSUMS:
  FMDB: 2ce00b547f966261cd18927a3ddb07cb6f3db82a
  SwiftLint: 4105f061f9812b214568b736dab580ab2c73a582

PODFILE CHECKSUM: 05512f7d70d2b2340a4ad2f49c7a728588942e7e

COCOAPODS: 1.7.2
