// !$*UTF8*$!
{
	archiveVersion = 1;
	classes = {
	};
	objectVersion = 51;
	objects = {

/* Begin PBXBuildFile section */
		3F5E13832424F1C900133F23 /* UIKit+Utility.swift in Sources */ = {isa = PBXBuildFile; fileRef = 3F5E13822424F1C900133F23 /* UIKit+Utility.swift */; };
		3F618E43242320AA002C38C4 /* SQLiteManager+Create.swift in Sources */ = {isa = PBXBuildFile; fileRef = 3F618E42242320AA002C38C4 /* SQLiteManager+Create.swift */; };
		3F618E45242320B2002C38C4 /* SQLiteManager+Read.swift in Sources */ = {isa = PBXBuildFile; fileRef = 3F618E44242320B2002C38C4 /* SQLiteManager+Read.swift */; };
		3F618E47242320B9002C38C4 /* SQLiteManager+Update.swift in Sources */ = {isa = PBXBuildFile; fileRef = 3F618E46242320B9002C38C4 /* SQLiteManager+Update.swift */; };
		3F618E49242320C0002C38C4 /* SQLiteManager+Delete.swift in Sources */ = {isa = PBXBuildFile; fileRef = 3F618E48242320C0002C38C4 /* SQLiteManager+Delete.swift */; };
		3F618E4C242325A1002C38C4 /* DateItemTableViewCell.swift in Sources */ = {isa = PBXBuildFile; fileRef = 3F618E4A242325A1002C38C4 /* DateItemTableViewCell.swift */; };
		3F618E4D242325A1002C38C4 /* DateItemTableViewCell.xib in Resources */ = {isa = PBXBuildFile; fileRef = 3F618E4B242325A1002C38C4 /* DateItemTableViewCell.xib */; };
		3F618E4F24232693002C38C4 /* DateItem.swift in Sources */ = {isa = PBXBuildFile; fileRef = 3F618E4E24232693002C38C4 /* DateItem.swift */; };
		3F618E5124232F8D002C38C4 /* DatesListController+UITableView.swift in Sources */ = {isa = PBXBuildFile; fileRef = 3F618E5024232F8D002C38C4 /* DatesListController+UITableView.swift */; };
		3F6D801A242313310040D19C /* AppDelegate.swift in Sources */ = {isa = PBXBuildFile; fileRef = 3F6D8019242313310040D19C /* AppDelegate.swift */; };
		3F6D801E242313310040D19C /* DatesListController.swift in Sources */ = {isa = PBXBuildFile; fileRef = 3F6D801D242313310040D19C /* DatesListController.swift */; };
		3F6D8021242313310040D19C /* Main.storyboard in Resources */ = {isa = PBXBuildFile; fileRef = 3F6D801F242313310040D19C /* Main.storyboard */; };
		3F6D8023242313320040D19C /* Assets.xcassets in Resources */ = {isa = PBXBuildFile; fileRef = 3F6D8022242313320040D19C /* Assets.xcassets */; };
		3F6D8026242313320040D19C /* LaunchScreen.storyboard in Resources */ = {isa = PBXBuildFile; fileRef = 3F6D8024242313320040D19C /* LaunchScreen.storyboard */; };
		3F6D8030242319CE0040D19C /* SQLiteManager.swift in Sources */ = {isa = PBXBuildFile; fileRef = 3F6D802F242319CE0040D19C /* SQLiteManager.swift */; };
		3F6D803324231B140040D19C /* SQLiteManagerError.swift in Sources */ = {isa = PBXBuildFile; fileRef = 3F6D803224231B140040D19C /* SQLiteManagerError.swift */; };
		3FBF4F462424ECCF00CA9D69 /* SQLiteManager+Helper.swift in Sources */ = {isa = PBXBuildFile; fileRef = 3FBF4F452424ECCF00CA9D69 /* SQLiteManager+Helper.swift */; };
		3FBF4F492424EDAD00CA9D69 /* String+Utility.swift in Sources */ = {isa = PBXBuildFile; fileRef = 3FBF4F482424EDAD00CA9D69 /* String+Utility.swift */; };
		80F645CFF039084EFAD24FEC /* Pods_SwiftySQLSample.framework in Frameworks */ = {isa = PBXBuildFile; fileRef = E7A6AE73E01BAE32CCD15C33 /* Pods_SwiftySQLSample.framework */; };
/* End PBXBuildFile section */

/* Begin PBXFileReference section */
		2B77E4FC7809AA28AE56FA62 /* Pods-SwiftySQLSample.release.xcconfig */ = {isa = PBXFileReference; includeInIndex = 1; lastKnownFileType = text.xcconfig; name = "Pods-SwiftySQLSample.release.xcconfig"; path = "Target Support Files/Pods-SwiftySQLSample/Pods-SwiftySQLSample.release.xcconfig"; sourceTree = "<group>"; };
		3F5E13822424F1C900133F23 /* UIKit+Utility.swift */ = {isa = PBXFileReference; lastKnownFileType = sourcecode.swift; path = "UIKit+Utility.swift"; sourceTree = "<group>"; };
		3F618E42242320AA002C38C4 /* SQLiteManager+Create.swift */ = {isa = PBXFileReference; lastKnownFileType = sourcecode.swift; path = "SQLiteManager+Create.swift"; sourceTree = "<group>"; };
		3F618E44242320B2002C38C4 /* SQLiteManager+Read.swift */ = {isa = PBXFileReference; lastKnownFileType = sourcecode.swift; path = "SQLiteManager+Read.swift"; sourceTree = "<group>"; };
		3F618E46242320B9002C38C4 /* SQLiteManager+Update.swift */ = {isa = PBXFileReference; lastKnownFileType = sourcecode.swift; path = "SQLiteManager+Update.swift"; sourceTree = "<group>"; };
		3F618E48242320C0002C38C4 /* SQLiteManager+Delete.swift */ = {isa = PBXFileReference; lastKnownFileType = sourcecode.swift; path = "SQLiteManager+Delete.swift"; sourceTree = "<group>"; };
		3F618E4A242325A1002C38C4 /* DateItemTableViewCell.swift */ = {isa = PBXFileReference; lastKnownFileType = sourcecode.swift; path = DateItemTableViewCell.swift; sourceTree = "<group>"; };
		3F618E4B242325A1002C38C4 /* DateItemTableViewCell.xib */ = {isa = PBXFileReference; lastKnownFileType = file.xib; path = DateItemTableViewCell.xib; sourceTree = "<group>"; };
		3F618E4E24232693002C38C4 /* DateItem.swift */ = {isa = PBXFileReference; lastKnownFileType = sourcecode.swift; path = DateItem.swift; sourceTree = "<group>"; };
		3F618E5024232F8D002C38C4 /* DatesListController+UITableView.swift */ = {isa = PBXFileReference; lastKnownFileType = sourcecode.swift; path = "DatesListController+UITableView.swift"; sourceTree = "<group>"; };
		3F6D8016242313310040D19C /* SwiftySQLSample.app */ = {isa = PBXFileReference; explicitFileType = wrapper.application; includeInIndex = 0; path = SwiftySQLSample.app; sourceTree = BUILT_PRODUCTS_DIR; };
		3F6D8019242313310040D19C /* AppDelegate.swift */ = {isa = PBXFileReference; lastKnownFileType = sourcecode.swift; path = AppDelegate.swift; sourceTree = "<group>"; };
		3F6D801D242313310040D19C /* DatesListController.swift */ = {isa = PBXFileReference; lastKnownFileType = sourcecode.swift; path = DatesListController.swift; sourceTree = "<group>"; };
		3F6D8020242313310040D19C /* Base */ = {isa = PBXFileReference; lastKnownFileType = file.storyboard; name = Base; path = Base.lproj/Main.storyboard; sourceTree = "<group>"; };
		3F6D8022242313320040D19C /* Assets.xcassets */ = {isa = PBXFileReference; lastKnownFileType = folder.assetcatalog; path = Assets.xcassets; sourceTree = "<group>"; };
		3F6D8025242313320040D19C /* Base */ = {isa = PBXFileReference; lastKnownFileType = file.storyboard; name = Base; path = Base.lproj/LaunchScreen.storyboard; sourceTree = "<group>"; };
		3F6D8027242313320040D19C /* Info.plist */ = {isa = PBXFileReference; lastKnownFileType = text.plist.xml; path = Info.plist; sourceTree = "<group>"; };
		3F6D802D2423133E0040D19C /* README.md */ = {isa = PBXFileReference; lastKnownFileType = net.daringfireball.markdown; path = README.md; sourceTree = "<group>"; };
		3F6D802F242319CE0040D19C /* SQLiteManager.swift */ = {isa = PBXFileReference; lastKnownFileType = sourcecode.swift; path = SQLiteManager.swift; sourceTree = "<group>"; };
		3F6D803224231B140040D19C /* SQLiteManagerError.swift */ = {isa = PBXFileReference; lastKnownFileType = sourcecode.swift; path = SQLiteManagerError.swift; sourceTree = "<group>"; };
		3FBF4F452424ECCF00CA9D69 /* SQLiteManager+Helper.swift */ = {isa = PBXFileReference; lastKnownFileType = sourcecode.swift; path = "SQLiteManager+Helper.swift"; sourceTree = "<group>"; };
		3FBF4F482424EDAD00CA9D69 /* String+Utility.swift */ = {isa = PBXFileReference; lastKnownFileType = sourcecode.swift; path = "String+Utility.swift"; sourceTree = "<group>"; };
		CBA75F63C64C195CBC0C482D /* Pods-SwiftySQLSample.debug.xcconfig */ = {isa = PBXFileReference; includeInIndex = 1; lastKnownFileType = text.xcconfig; name = "Pods-SwiftySQLSample.debug.xcconfig"; path = "Target Support Files/Pods-SwiftySQLSample/Pods-SwiftySQLSample.debug.xcconfig"; sourceTree = "<group>"; };
		E7A6AE73E01BAE32CCD15C33 /* Pods_SwiftySQLSample.framework */ = {isa = PBXFileReference; explicitFileType = wrapper.framework; includeInIndex = 0; path = Pods_SwiftySQLSample.framework; sourceTree = BUILT_PRODUCTS_DIR; };
/* End PBXFileReference section */

/* Begin PBXFrameworksBuildPhase section */
		3F6D8013242313310040D19C /* Frameworks */ = {
			isa = PBXFrameworksBuildPhase;
			buildActionMask = 2147483647;
			files = (
				80F645CFF039084EFAD24FEC /* Pods_SwiftySQLSample.framework in Frameworks */,
			);
			runOnlyForDeploymentPostprocessing = 0;
		};
/* End PBXFrameworksBuildPhase section */

/* Begin PBXGroup section */
		3F6D800D242313310040D19C = {
			isa = PBXGroup;
			children = (
				3F6D802D2423133E0040D19C /* README.md */,
				3F6D803124231B020040D19C /* SQLiteManager */,
				3F6D8018242313310040D19C /* SwiftySQLSample */,
				3F6D8017242313310040D19C /* Products */,
				5FC9138FD8C959D7C036EA33 /* Pods */,
				A5BBE37FDBE188550975D2FB /* Frameworks */,
			);
			sourceTree = "<group>";
		};
		3F6D8017242313310040D19C /* Products */ = {
			isa = PBXGroup;
			children = (
				3F6D8016242313310040D19C /* SwiftySQLSample.app */,
			);
			name = Products;
			sourceTree = "<group>";
		};
		3F6D8018242313310040D19C /* SwiftySQLSample */ = {
			isa = PBXGroup;
			children = (
				3FBF4F4B2424EDC200CA9D69 /* ViewControllers */,
				3FBF4F4A2424EDB700CA9D69 /* Custom Views */,
				3FBF4F472424ED9E00CA9D69 /* Model */,
				3FBF4F482424EDAD00CA9D69 /* String+Utility.swift */,
				3F5E13822424F1C900133F23 /* UIKit+Utility.swift */,
				3F6D8019242313310040D19C /* AppDelegate.swift */,
				3F6D801F242313310040D19C /* Main.storyboard */,
				3F6D8022242313320040D19C /* Assets.xcassets */,
				3F6D8024242313320040D19C /* LaunchScreen.storyboard */,
				3F6D8027242313320040D19C /* Info.plist */,
			);
			path = SwiftySQLSample;
			sourceTree = "<group>";
		};
		3F6D803124231B020040D19C /* SQLiteManager */ = {
			isa = PBXGroup;
			children = (
				3F6D803224231B140040D19C /* SQLiteManagerError.swift */,
				3F6D802F242319CE0040D19C /* SQLiteManager.swift */,
				3F618E42242320AA002C38C4 /* SQLiteManager+Create.swift */,
				3F618E44242320B2002C38C4 /* SQLiteManager+Read.swift */,
				3F618E46242320B9002C38C4 /* SQLiteManager+Update.swift */,
				3F618E48242320C0002C38C4 /* SQLiteManager+Delete.swift */,
				3FBF4F452424ECCF00CA9D69 /* SQLiteManager+Helper.swift */,
			);
			path = SQLiteManager;
			sourceTree = "<group>";
		};
		3FBF4F472424ED9E00CA9D69 /* Model */ = {
			isa = PBXGroup;
			children = (
				3F618E4E24232693002C38C4 /* DateItem.swift */,
			);
			path = Model;
			sourceTree = "<group>";
		};
		3FBF4F4A2424EDB700CA9D69 /* Custom Views */ = {
			isa = PBXGroup;
			children = (
				3F618E4A242325A1002C38C4 /* DateItemTableViewCell.swift */,
				3F618E4B242325A1002C38C4 /* DateItemTableViewCell.xib */,
			);
			path = "Custom Views";
			sourceTree = "<group>";
		};
		3FBF4F4B2424EDC200CA9D69 /* ViewControllers */ = {
			isa = PBXGroup;
			children = (
				3F6D801D242313310040D19C /* DatesListController.swift */,
				3F618E5024232F8D002C38C4 /* DatesListController+UITableView.swift */,
			);
			path = ViewControllers;
			sourceTree = "<group>";
		};
		5FC9138FD8C959D7C036EA33 /* Pods */ = {
			isa = PBXGroup;
			children = (
				CBA75F63C64C195CBC0C482D /* Pods-SwiftySQLSample.debug.xcconfig */,
				2B77E4FC7809AA28AE56FA62 /* Pods-SwiftySQLSample.release.xcconfig */,
			);
			path = Pods;
			sourceTree = "<group>";
		};
		A5BBE37FDBE188550975D2FB /* Frameworks */ = {
			isa = PBXGroup;
			children = (
				E7A6AE73E01BAE32CCD15C33 /* Pods_SwiftySQLSample.framework */,
			);
			name = Frameworks;
			sourceTree = "<group>";
		};
/* End PBXGroup section */

/* Begin PBXNativeTarget section */
		3F6D8015242313310040D19C /* SwiftySQLSample */ = {
			isa = PBXNativeTarget;
			buildConfigurationList = 3F6D802A242313320040D19C /* Build configuration list for PBXNativeTarget "SwiftySQLSample" */;
			buildPhases = (
				B72C515749E3FD6824FBA53A /* [CP] Check Pods Manifest.lock */,
				3F6D8012242313310040D19C /* Sources */,
				3F6D8013242313310040D19C /* Frameworks */,
				3F6D8014242313310040D19C /* Resources */,
				BD4F991CD77F29E4695D05BE /* [CP] Embed Pods Frameworks */,
				3F6D802E2423166A0040D19C /* SwiftLint */,
			);
			buildRules = (
			);
			dependencies = (
			);
			name = SwiftySQLSample;
			productName = SwiftySQLSample;
			productReference = 3F6D8016242313310040D19C /* SwiftySQLSample.app */;
			productType = "com.apple.product-type.application";
		};
/* End PBXNativeTarget section */

/* Begin PBXProject section */
		3F6D800E242313310040D19C /* Project object */ = {
			isa = PBXProject;
			attributes = {
				LastSwiftUpdateCheck = 1130;
				LastUpgradeCheck = 1130;
				ORGANIZATIONNAME = Yu;
				TargetAttributes = {
					3F6D8015242313310040D19C = {
						CreatedOnToolsVersion = 11.3;
					};
				};
			};
			buildConfigurationList = 3F6D8011242313310040D19C /* Build configuration list for PBXProject "SwiftySQLSample" */;
			compatibilityVersion = "Xcode 9.3";
			developmentRegion = en;
			hasScannedForEncodings = 0;
			knownRegions = (
				en,
				Base,
			);
			mainGroup = 3F6D800D242313310040D19C;
			productRefGroup = 3F6D8017242313310040D19C /* Products */;
			projectDirPath = "";
			projectRoot = "";
			targets = (
				3F6D8015242313310040D19C /* SwiftySQLSample */,
			);
		};
/* End PBXProject section */

/* Begin PBXResourcesBuildPhase section */
		3F6D8014242313310040D19C /* Resources */ = {
			isa = PBXResourcesBuildPhase;
			buildActionMask = 2147483647;
			files = (
				3F6D8026242313320040D19C /* LaunchScreen.storyboard in Resources */,
				3F6D8023242313320040D19C /* Assets.xcassets in Resources */,
				3F618E4D242325A1002C38C4 /* DateItemTableViewCell.xib in Resources */,
				3F6D8021242313310040D19C /* Main.storyboard in Resources */,
			);
			runOnlyForDeploymentPostprocessing = 0;
		};
/* End PBXResourcesBuildPhase section */

/* Begin PBXShellScriptBuildPhase section */
		3F6D802E2423166A0040D19C /* SwiftLint */ = {
			isa = PBXShellScriptBuildPhase;
			buildActionMask = 2147483647;
			files = (
			);
			inputFileListPaths = (
			);
			inputPaths = (
			);
			name = SwiftLint;
			outputFileListPaths = (
			);
			outputPaths = (
			);
			runOnlyForDeploymentPostprocessing = 0;
			shellPath = /bin/sh;
			shellScript = "\"${PODS_ROOT}/SwiftLint/swiftlint\"\n";
		};
		B72C515749E3FD6824FBA53A /* [CP] Check Pods Manifest.lock */ = {
			isa = PBXShellScriptBuildPhase;
			buildActionMask = 2147483647;
			files = (
			);
			inputFileListPaths = (
			);
			inputPaths = (
				"${PODS_PODFILE_DIR_PATH}/Podfile.lock",
				"${PODS_ROOT}/Manifest.lock",
			);
			name = "[CP] Check Pods Manifest.lock";
			outputFileListPaths = (
			);
			outputPaths = (
				"$(DERIVED_FILE_DIR)/Pods-SwiftySQLSample-checkManifestLockResult.txt",
			);
			runOnlyForDeploymentPostprocessing = 0;
			shellPath = /bin/sh;
			shellScript = "diff \"${PODS_PODFILE_DIR_PATH}/Podfile.lock\" \"${PODS_ROOT}/Manifest.lock\" > /dev/null\nif [ $? != 0 ] ; then\n    # print error to STDERR\n    echo \"error: The sandbox is not in sync with the Podfile.lock. Run 'pod install' or update your CocoaPods installation.\" >&2\n    exit 1\nfi\n# This output is used by Xcode 'outputs' to avoid re-running this script phase.\necho \"SUCCESS\" > \"${SCRIPT_OUTPUT_FILE_0}\"\n";
			showEnvVarsInLog = 0;
		};
		BD4F991CD77F29E4695D05BE /* [CP] Embed Pods Frameworks */ = {
			isa = PBXShellScriptBuildPhase;
			buildActionMask = 2147483647;
			files = (
			);
			inputFileListPaths = (
				"${PODS_ROOT}/Target Support Files/Pods-SwiftySQLSample/Pods-SwiftySQLSample-frameworks-${CONFIGURATION}-input-files.xcfilelist",
			);
			name = "[CP] Embed Pods Frameworks";
			outputFileListPaths = (
				"${PODS_ROOT}/Target Support Files/Pods-SwiftySQLSample/Pods-SwiftySQLSample-frameworks-${CONFIGURATION}-output-files.xcfilelist",
			);
			runOnlyForDeploymentPostprocessing = 0;
			shellPath = /bin/sh;
			shellScript = "\"${PODS_ROOT}/Target Support Files/Pods-SwiftySQLSample/Pods-SwiftySQLSample-frameworks.sh\"\n";
			showEnvVarsInLog = 0;
		};
/* End PBXShellScriptBuildPhase section */

/* Begin PBXSourcesBuildPhase section */
		3F6D8012242313310040D19C /* Sources */ = {
			isa = PBXSourcesBuildPhase;
			buildActionMask = 2147483647;
			files = (
				3F618E49242320C0002C38C4 /* SQLiteManager+Delete.swift in Sources */,
				3FBF4F462424ECCF00CA9D69 /* SQLiteManager+Helper.swift in Sources */,
				3F6D8030242319CE0040D19C /* SQLiteManager.swift in Sources */,
				3F618E45242320B2002C38C4 /* SQLiteManager+Read.swift in Sources */,
				3FBF4F492424EDAD00CA9D69 /* String+Utility.swift in Sources */,
				3F5E13832424F1C900133F23 /* UIKit+Utility.swift in Sources */,
				3F6D801E242313310040D19C /* DatesListController.swift in Sources */,
				3F618E47242320B9002C38C4 /* SQLiteManager+Update.swift in Sources */,
				3F618E5124232F8D002C38C4 /* DatesListController+UITableView.swift in Sources */,
				3F618E43242320AA002C38C4 /* SQLiteManager+Create.swift in Sources */,
				3F618E4C242325A1002C38C4 /* DateItemTableViewCell.swift in Sources */,
				3F6D803324231B140040D19C /* SQLiteManagerError.swift in Sources */,
				3F618E4F24232693002C38C4 /* DateItem.swift in Sources */,
				3F6D801A242313310040D19C /* AppDelegate.swift in Sources */,
			);
			runOnlyForDeploymentPostprocessing = 0;
		};
/* End PBXSourcesBuildPhase section */

/* Begin PBXVariantGroup section */
		3F6D801F242313310040D19C /* Main.storyboard */ = {
			isa = PBXVariantGroup;
			children = (
				3F6D8020242313310040D19C /* Base */,
			);
			name = Main.storyboard;
			sourceTree = "<group>";
		};
		3F6D8024242313320040D19C /* LaunchScreen.storyboard */ = {
			isa = PBXVariantGroup;
			children = (
				3F6D8025242313320040D19C /* Base */,
			);
			name = LaunchScreen.storyboard;
			sourceTree = "<group>";
		};
/* End PBXVariantGroup section */

/* Begin XCBuildConfiguration section */
		3F6D8028242313320040D19C /* Debug */ = {
			isa = XCBuildConfiguration;
			buildSettings = {
				ALWAYS_SEARCH_USER_PATHS = NO;
				CLANG_ANALYZER_NONNULL = YES;
				CLANG_ANALYZER_NUMBER_OBJECT_CONVERSION = YES_AGGRESSIVE;
				CLANG_CXX_LANGUAGE_STANDARD = "gnu++14";
				CLANG_CXX_LIBRARY = "libc++";
				CLANG_ENABLE_MODULES = YES;
				CLANG_ENABLE_OBJC_ARC = YES;
				CLANG_ENABLE_OBJC_WEAK = YES;
				CLANG_WARN_BLOCK_CAPTURE_AUTORELEASING = YES;
				CLANG_WARN_BOOL_CONVERSION = YES;
				CLANG_WARN_COMMA = YES;
				CLANG_WARN_CONSTANT_CONVERSION = YES;
				CLANG_WARN_DEPRECATED_OBJC_IMPLEMENTATIONS = YES;
				CLANG_WARN_DIRECT_OBJC_ISA_USAGE = YES_ERROR;
				CLANG_WARN_DOCUMENTATION_COMMENTS = YES;
				CLANG_WARN_EMPTY_BODY = YES;
				CLANG_WARN_ENUM_CONVERSION = YES;
				CLANG_WARN_INFINITE_RECURSION = YES;
				CLANG_WARN_INT_CONVERSION = YES;
				CLANG_WARN_NON_LITERAL_NULL_CONVERSION = YES;
				CLANG_WARN_OBJC_IMPLICIT_RETAIN_SELF = YES;
				CLANG_WARN_OBJC_LITERAL_CONVERSION = YES;
				CLANG_WARN_OBJC_ROOT_CLASS = YES_ERROR;
				CLANG_WARN_RANGE_LOOP_ANALYSIS = YES;
				CLANG_WARN_STRICT_PROTOTYPES = YES;
				CLANG_WARN_SUSPICIOUS_MOVE = YES;
				CLANG_WARN_UNGUARDED_AVAILABILITY = YES_AGGRESSIVE;
				CLANG_WARN_UNREACHABLE_CODE = YES;
				CLANG_WARN__DUPLICATE_METHOD_MATCH = YES;
				COPY_PHASE_STRIP = NO;
				DEBUG_INFORMATION_FORMAT = dwarf;
				ENABLE_STRICT_OBJC_MSGSEND = YES;
				ENABLE_TESTABILITY = YES;
				GCC_C_LANGUAGE_STANDARD = gnu11;
				GCC_DYNAMIC_NO_PIC = NO;
				GCC_NO_COMMON_BLOCKS = YES;
				GCC_OPTIMIZATION_LEVEL = 0;
				GCC_PREPROCESSOR_DEFINITIONS = (
					"DEBUG=1",
					"$(inherited)",
				);
				GCC_WARN_64_TO_32_BIT_CONVERSION = YES;
				GCC_WARN_ABOUT_RETURN_TYPE = YES_ERROR;
				GCC_WARN_UNDECLARED_SELECTOR = YES;
				GCC_WARN_UNINITIALIZED_AUTOS = YES_AGGRESSIVE;
				GCC_WARN_UNUSED_FUNCTION = YES;
				GCC_WARN_UNUSED_VARIABLE = YES;
				IPHONEOS_DEPLOYMENT_TARGET = 13.2;
				MTL_ENABLE_DEBUG_INFO = INCLUDE_SOURCE;
				MTL_FAST_MATH = YES;
				ONLY_ACTIVE_ARCH = YES;
				SDKROOT = iphoneos;
				SWIFT_ACTIVE_COMPILATION_CONDITIONS = DEBUG;
				SWIFT_OPTIMIZATION_LEVEL = "-Onone";
			};
			name = Debug;
		};
		3F6D8029242313320040D19C /* Release */ = {
			isa = XCBuildConfiguration;
			buildSettings = {
				ALWAYS_SEARCH_USER_PATHS = NO;
				CLANG_ANALYZER_NONNULL = YES;
				CLANG_ANALYZER_NUMBER_OBJECT_CONVERSION = YES_AGGRESSIVE;
				CLANG_CXX_LANGUAGE_STANDARD = "gnu++14";
				CLANG_CXX_LIBRARY = "libc++";
				CLANG_ENABLE_MODULES = YES;
				CLANG_ENABLE_OBJC_ARC = YES;
				CLANG_ENABLE_OBJC_WEAK = YES;
				CLANG_WARN_BLOCK_CAPTURE_AUTORELEASING = YES;
				CLANG_WARN_BOOL_CONVERSION = YES;
				CLANG_WARN_COMMA = YES;
				CLANG_WARN_CONSTANT_CONVERSION = YES;
				CLANG_WARN_DEPRECATED_OBJC_IMPLEMENTATIONS = YES;
				CLANG_WARN_DIRECT_OBJC_ISA_USAGE = YES_ERROR;
				CLANG_WARN_DOCUMENTATION_COMMENTS = YES;
				CLANG_WARN_EMPTY_BODY = YES;
				CLANG_WARN_ENUM_CONVERSION = YES;
				CLANG_WARN_INFINITE_RECURSION = YES;
				CLANG_WARN_INT_CONVERSION = YES;
				CLANG_WARN_NON_LITERAL_NULL_CONVERSION = YES;
				CLANG_WARN_OBJC_IMPLICIT_RETAIN_SELF = YES;
				CLANG_WARN_OBJC_LITERAL_CONVERSION = YES;
				CLANG_WARN_OBJC_ROOT_CLASS = YES_ERROR;
				CLANG_WARN_RANGE_LOOP_ANALYSIS = YES;
				CLANG_WARN_STRICT_PROTOTYPES = YES;
				CLANG_WARN_SUSPICIOUS_MOVE = YES;
				CLANG_WARN_UNGUARDED_AVAILABILITY = YES_AGGRESSIVE;
				CLANG_WARN_UNREACHABLE_CODE = YES;
				CLANG_WARN__DUPLICATE_METHOD_MATCH = YES;
				COPY_PHASE_STRIP = NO;
				DEBUG_INFORMATION_FORMAT = "dwarf-with-dsym";
				ENABLE_NS_ASSERTIONS = NO;
				ENABLE_STRICT_OBJC_MSGSEND = YES;
				GCC_C_LANGUAGE_STANDARD = gnu11;
				GCC_NO_COMMON_BLOCKS = YES;
				GCC_WARN_64_TO_32_BIT_CONVERSION = YES;
				GCC_WARN_ABOUT_RETURN_TYPE = YES_ERROR;
				GCC_WARN_UNDECLARED_SELECTOR = YES;
				GCC_WARN_UNINITIALIZED_AUTOS = YES_AGGRESSIVE;
				GCC_WARN_UNUSED_FUNCTION = YES;
				GCC_WARN_UNUSED_VARIABLE = YES;
				IPHONEOS_DEPLOYMENT_TARGET = 13.2;
				MTL_ENABLE_DEBUG_INFO = NO;
				MTL_FAST_MATH = YES;
				SDKROOT = iphoneos;
				SWIFT_COMPILATION_MODE = wholemodule;
				SWIFT_OPTIMIZATION_LEVEL = "-O";
				VALIDATE_PRODUCT = YES;
			};
			name = Release;
		};
		3F6D802B242313320040D19C /* Debug */ = {
			isa = XCBuildConfiguration;
			baseConfigurationReference = CBA75F63C64C195CBC0C482D /* Pods-SwiftySQLSample.debug.xcconfig */;
			buildSettings = {
				ASSETCATALOG_COMPILER_APPICON_NAME = AppIcon;
				CODE_SIGN_STYLE = Automatic;
				INFOPLIST_FILE = SwiftySQLSample/Info.plist;
				IPHONEOS_DEPLOYMENT_TARGET = 10.0;
				LD_RUNPATH_SEARCH_PATHS = (
					"$(inherited)",
					"@executable_path/Frameworks",
				);
				PRODUCT_BUNDLE_IDENTIFIER = yu.SwiftySQLSample;
				PRODUCT_NAME = "$(TARGET_NAME)";
				SWIFT_VERSION = 5.0;
				TARGETED_DEVICE_FAMILY = "1,2";
			};
			name = Debug;
		};
		3F6D802C242313320040D19C /* Release */ = {
			isa = XCBuildConfiguration;
			baseConfigurationReference = 2B77E4FC7809AA28AE56FA62 /* Pods-SwiftySQLSample.release.xcconfig */;
			buildSettings = {
				ASSETCATALOG_COMPILER_APPICON_NAME = AppIcon;
				CODE_SIGN_STYLE = Automatic;
				INFOPLIST_FILE = SwiftySQLSample/Info.plist;
				IPHONEOS_DEPLOYMENT_TARGET = 10.0;
				LD_RUNPATH_SEARCH_PATHS = (
					"$(inherited)",
					"@executable_path/Frameworks",
				);
				PRODUCT_BUNDLE_IDENTIFIER = yu.SwiftySQLSample;
				PRODUCT_NAME = "$(TARGET_NAME)";
				SWIFT_VERSION = 5.0;
				TARGETED_DEVICE_FAMILY = "1,2";
			};
			name = Release;
		};
/* End XCBuildConfiguration section */

/* Begin XCConfigurationList section */
		3F6D8011242313310040D19C /* Build configuration list for PBXProject "SwiftySQLSample" */ = {
			isa = XCConfigurationList;
			buildConfigurations = (
				3F6D8028242313320040D19C /* Debug */,
				3F6D8029242313320040D19C /* Release */,
			);
			defaultConfigurationIsVisible = 0;
			defaultConfigurationName = Release;
		};
		3F6D802A242313320040D19C /* Build configuration list for PBXNativeTarget "SwiftySQLSample" */ = {
			isa = XCConfigurationList;
			buildConfigurations = (
				3F6D802B242313320040D19C /* Debug */,
				3F6D802C242313320040D19C /* Release */,
			);
			defaultConfigurationIsVisible = 0;
			defaultConfigurationName = Release;
		};
/* End XCConfigurationList section */
	};
	rootObject = 3F6D800E242313310040D19C /* Project object */;
}
